
Microsoft Visual Studio Solution File, Format Version 12.00
# Visual Studio Version 16
VisualStudioVersion = 16.0.30503.244
MinimumVisualStudioVersion = 10.0.40219.1
Project("{FAE04EC0-301F-11D3-BF4B-00C04F79EFBC}") = "Projeto-Entra21-D.F.C.P", "Projeto-Entra21-D.F.C.P.csproj", "{464A2183-FA34-4341-97A7-F11C1870CD33}"
EndProject
Global
	GlobalSection(SolutionConfigurationPlatforms) = preSolution
		Debug|Any CPU = Debug|Any CPU
		Release|Any CPU = Release|Any CPU
	EndGlobalSection
	GlobalSection(ProjectConfigurationPlatforms) = postSolution
		{464A2183-FA34-4341-97A7-F11C1870CD33}.Debug|Any CPU.ActiveCfg = Debug|Any CPU
		{464A2183-FA34-4341-97A7-F11C1870CD33}.Debug|Any CPU.Build.0 = Debug|Any CPU
		{464A2183-FA34-4341-97A7-F11C1870CD33}.Release|Any CPU.ActiveCfg = Release|Any CPU
		{464A2183-FA34-4341-97A7-F11C1870CD33}.Release|Any CPU.Build.0 = Release|Any CPU
	EndGlobalSection
	GlobalSection(SolutionProperties) = preSolution
		HideSolutionNode = FALSE
	EndGlobalSection
	GlobalSection(ExtensibilityGlobals) = postSolution
		SolutionGuid = {B5BD8B52-D3D5-4DC8-8E7F-7DC14F524B8A}
	EndGlobalSection
EndGlobal
