
Microsoft Visual Studio Solution File, Format Version 12.00
# Visual Studio Version 16
VisualStudioVersion = 16.0.30503.244
MinimumVisualStudioVersion = 10.0.40219.1
Project("{9A19103F-16F7-4668-BE54-9A1E7A4F7556}") = "Projeto-Entra21-D.F.C.P", "Projeto-Entra21-D.F.C.P.csproj", "{464A2183-FA34-4341-97A7-F11C1870CD33}"
EndProject
Project("{9A19103F-16F7-4668-BE54-9A1E7A4F7556}") = "DAL", "..\DAL\DAL.csproj", "{F90C3A87-D885-41E4-A35E-03600D984E90}"
EndProject
Project("{9A19103F-16F7-4668-BE54-9A1E7A4F7556}") = "Metadata", "..\Metadata\Metadata.csproj", "{72EF910A-2791-4AC7-8721-6787FDC4467A}"
EndProject
Project("{9A19103F-16F7-4668-BE54-9A1E7A4F7556}") = "BLL", "..\BLL\BLL.csproj", "{B181BDB8-6367-4E0E-A4C1-C091A3501FE8}"
EndProject
Global
	GlobalSection(SolutionConfigurationPlatforms) = preSolution
		Debug|Any CPU = Debug|Any CPU
		Release|Any CPU = Release|Any CPU
	EndGlobalSection
	GlobalSection(ProjectConfigurationPlatforms) = postSolution
		{464A2183-FA34-4341-97A7-F11C1870CD33}.Debug|Any CPU.ActiveCfg = Debug|Any CPU
		{464A2183-FA34-4341-97A7-F11C1870CD33}.Debug|Any CPU.Build.0 = Debug|Any CPU
		{464A2183-FA34-4341-97A7-F11C1870CD33}.Release|Any CPU.ActiveCfg = Release|Any CPU
		{464A2183-FA34-4341-97A7-F11C1870CD33}.Release|Any CPU.Build.0 = Release|Any CPU
		{F90C3A87-D885-41E4-A35E-03600D984E90}.Debug|Any CPU.ActiveCfg = Debug|Any CPU
		{F90C3A87-D885-41E4-A35E-03600D984E90}.Debug|Any CPU.Build.0 = Debug|Any CPU
		{F90C3A87-D885-41E4-A35E-03600D984E90}.Release|Any CPU.ActiveCfg = Release|Any CPU
		{F90C3A87-D885-41E4-A35E-03600D984E90}.Release|Any CPU.Build.0 = Release|Any CPU
		{72EF910A-2791-4AC7-8721-6787FDC4467A}.Debug|Any CPU.ActiveCfg = Debug|Any CPU
		{72EF910A-2791-4AC7-8721-6787FDC4467A}.Debug|Any CPU.Build.0 = Debug|Any CPU
		{72EF910A-2791-4AC7-8721-6787FDC4467A}.Release|Any CPU.ActiveCfg = Release|Any CPU
		{72EF910A-2791-4AC7-8721-6787FDC4467A}.Release|Any CPU.Build.0 = Release|Any CPU
		{B181BDB8-6367-4E0E-A4C1-C091A3501FE8}.Debug|Any CPU.ActiveCfg = Debug|Any CPU
		{B181BDB8-6367-4E0E-A4C1-C091A3501FE8}.Debug|Any CPU.Build.0 = Debug|Any CPU
		{B181BDB8-6367-4E0E-A4C1-C091A3501FE8}.Release|Any CPU.ActiveCfg = Release|Any CPU
		{B181BDB8-6367-4E0E-A4C1-C091A3501FE8}.Release|Any CPU.Build.0 = Release|Any CPU
	EndGlobalSection
	GlobalSection(SolutionProperties) = preSolution
		HideSolutionNode = FALSE
	EndGlobalSection
	GlobalSection(ExtensibilityGlobals) = postSolution
		SolutionGuid = {B5BD8B52-D3D5-4DC8-8E7F-7DC14F524B8A}
	EndGlobalSection
EndGlobal
